{
  "name": "forge-starter",
  "version": "1.0.0",
  "lockfileVersion": 2,
  "requires": true,
  "packages": {
    "": {
      "name": "forge-starter",
      "version": "1.0.0",
      "license": "MIT",
      "dependencies": {
        "@thirdweb-dev/contracts": "^3",
        "dotenv": "^16.3.1"
      }
    },
    "node_modules/@thirdweb-dev/contracts": {
      "version": "3.6.0",
      "resolved": "https://registry.npmjs.org/@thirdweb-dev/contracts/-/contracts-3.6.0.tgz",
      "integrity": "sha512-WPKyTb4Pqz8WZpQQ2RZEboIQIiki0YZruJBOvW20VfTZIt5rGUT2g9TkF6ca9O/SCdd1FM6ziQ7k0SV12QSxwg=="
    },
    "node_modules/dotenv": {
      "version": "16.3.1",
      "resolved": "https://registry.npmjs.org/dotenv/-/dotenv-16.3.1.tgz",
      "integrity": "sha512-IPzF4w4/Rd94bA9imS68tZBaYyBWSCE47V1RGuMrB94iyTOIEwRmVL2x/4An+6mETpLrKJ5hQkB8W4kFAadeIQ==",
      "engines": {
        "node": ">=12"
      },
      "funding": {
        "url": "https://github.com/motdotla/dotenv?sponsor=1"
      }
    }
  },
  "dependencies": {
    "@thirdweb-dev/contracts": {
      "version": "3.6.0",
      "resolved": "https://registry.npmjs.org/@thirdweb-dev/contracts/-/contracts-3.6.0.tgz",
      "integrity": "sha512-WPKyTb4Pqz8WZpQQ2RZEboIQIiki0YZruJBOvW20VfTZIt5rGUT2g9TkF6ca9O/SCdd1FM6ziQ7k0SV12QSxwg=="
    },
    "dotenv": {
      "version": "16.3.1",
      "resolved": "https://registry.npmjs.org/dotenv/-/dotenv-16.3.1.tgz",
      "integrity": "sha512-IPzF4w4/Rd94bA9imS68tZBaYyBWSCE47V1RGuMrB94iyTOIEwRmVL2x/4An+6mETpLrKJ5hQkB8W4kFAadeIQ=="
    }
  }
}
